# This file was autogenerated by Stack.
# You should not edit this file by hand.
# For more information, please see the documentation at:
#   https://docs.haskellstack.org/en/stable/lock_files

packages:
- completed:
    cabal-file:
      size: 3553
      sha256: 43bd3a5c87fa37356015d0d0beffff6c8fe2b60dc2b237423ec6feb153325710
    name: doctest-discover-hpack
    version: 1.0.0
    git: https://github.com/blmage/doctest-discover-hpack.git
    pantry-tree:
      size: 698
      sha256: 3e8330735a4036e0e286fe089f43e3ca553ef5b34a186be35f0dcc8aabc80589
    commit: 0ba3f855f1876d8d1f8cd892e7689b95869b5e59
  original:
    git: https://github.com/blmage/doctest-discover-hpack.git
    commit: 0ba3f855f1876d8d1f8cd892e7689b95869b5e59
snapshots:
- completed:
    size: 496112
    url: https://raw.githubusercontent.com/commercialhaskell/stackage-snapshots/master/lts/15/13.yaml
    sha256: 75a1a0f870e1876898b117b0e443f911b3fa2985bfabb53158c81ab5765beda5
  original: lts-15.13
